
Microsoft Visual Studio Solution File, Format Version 12.00
# Visual Studio 2012
Project("{FAE04EC0-301F-11D3-BF4B-00C04F79EFBC}") = "Ch01_01EmptyProject", "Ch01_01EmptyProject\Ch01_01EmptyProject.csproj", "{E44FDDD4-7040-43C5-AAEC-8475C6049107}"
EndProject
Project("{FAE04EC0-301F-11D3-BF4B-00C04F79EFBC}") = "Ch01_02Direct3D11_1", "Ch01_02Direct3D11_1\Ch01_02Direct3D11_1.csproj", "{C3B8C62E-AEB3-45F3-955B-4DDDBC9A9F21}"
EndProject
Project("{2150E333-8FDC-42A3-9474-1A3956D46DE8}") = "Chapter01", "Chapter01", "{D9DFFB6E-1EE9-4C04-B14E-D2BD64D05702}"
EndProject
Project("{FAE04EC0-301F-11D3-BF4B-00C04F79EFBC}") = "Ch01_03Debugging", "Ch01_03Debugging\Ch01_03Debugging.csproj", "{103F1330-AB53-4404-BDDC-B5E4362A84BB}"
EndProject
Project("{2150E333-8FDC-42A3-9474-1A3956D46DE8}") = "Chapter02", "Chapter02", "{4CD84164-CF6C-4E4D-99F0-17401B70E5DF}"
EndProject
Project("{FAE04EC0-301F-11D3-BF4B-00C04F79EFBC}") = "Ch02_01RenderingPrimitives", "Ch02_01RenderingPrimitives\Ch02_01RenderingPrimitives.csproj", "{25951E84-5832-47B4-B8F2-CE2682401E3C}"
EndProject
Project("{FAE04EC0-301F-11D3-BF4B-00C04F79EFBC}") = "Common", "Common\Common.csproj", "{939D8319-6E32-4700-BE9F-C1D079F57DDD}"
EndProject
Project("{FAE04EC0-301F-11D3-BF4B-00C04F79EFBC}") = "Ch02_02AddingTexture", "Ch02_02AddingTexture\Ch02_02AddingTexture.csproj", "{31E8353D-A8BA-4C80-B257-88A04C0CF27B}"
EndProject
Project("{2150E333-8FDC-42A3-9474-1A3956D46DE8}") = "Chapter03", "Chapter03", "{50B22A11-458C-4BA4-9CEF-79C1962C9A63}"
EndProject
Project("{FAE04EC0-301F-11D3-BF4B-00C04F79EFBC}") = "Ch03_01CubeAndSphere", "Ch03_01CubeAndSphere\Ch03_01CubeAndSphere.csproj", "{D1C3EF59-C317-46AB-8320-8D53B293E8B4}"
EndProject
Project("{FAE04EC0-301F-11D3-BF4B-00C04F79EFBC}") = "Ch03_02MaterialAndLighting", "Ch03_02MaterialAndLighting\Ch03_02MaterialAndLighting.csproj", "{64FA3484-0E34-482C-BC3C-576F9E4153B7}"
EndProject
Project("{FAE04EC0-301F-11D3-BF4B-00C04F79EFBC}") = "Ch03_02WithCubeMapping", "Ch03_02WithCubeMapping\Ch03_02WithCubeMapping.csproj", "{C3BA0837-FAE7-46FC-AA64-F056D051D448}"
EndProject
Project("{FAE04EC0-301F-11D3-BF4B-00C04F79EFBC}") = "Ch03_03LoadMesh", "Ch03_03LoadMesh\Ch03_03LoadMesh.csproj", "{E87FC40A-9942-4D86-98A3-E350B282B99C}"
EndProject
Project("{2150E333-8FDC-42A3-9474-1A3956D46DE8}") = "Chapter04", "Chapter04", "{05540907-0973-4117-976A-6677611CC03C}"
EndProject
Project("{FAE04EC0-301F-11D3-BF4B-00C04F79EFBC}") = "Ch04_01VertexSkinning", "Ch04_01VertexSkinning\Ch04_01VertexSkinning.csproj", "{70770A2A-BB39-48AD-B39A-B3D27C3661C6}"
EndProject
Project("{FAE04EC0-301F-11D3-BF4B-00C04F79EFBC}") = "Ch04_02Animate", "Ch04_02Animate\Ch04_02Animate.csproj", "{E7CA95B7-4642-4CD3-A5AA-5CCE335418EB}"
EndProject
Project("{2150E333-8FDC-42A3-9474-1A3956D46DE8}") = "Chapter05", "Chapter05", "{95887640-1ECE-4B34-BB9D-E9ED07B7A0FB}"
EndProject
Project("{FAE04EC0-301F-11D3-BF4B-00C04F79EFBC}") = "Ch05_01TessellationPrimitives", "Ch05_01TessellationPrimitives\Ch05_01TessellationPrimitives.csproj", "{32C722C6-BAB9-4E58-A31F-66546F441C13}"
EndProject
Project("{FAE04EC0-301F-11D3-BF4B-00C04F79EFBC}") = "Ch05_02TessellatedMesh", "Ch05_02TessellatedMesh\Ch05_02TessellatedMesh.csproj", "{D4CC8F57-2A64-4F8D-B9B6-1ACE4E1575EE}"
EndProject
Project("{2150E333-8FDC-42A3-9474-1A3956D46DE8}") = "Chapter06", "Chapter06", "{E69BF6A2-AC01-4322-9A56-DDD2275879D7}"
EndProject
Project("{FAE04EC0-301F-11D3-BF4B-00C04F79EFBC}") = "Ch06_02DisplacementDecals", "Ch06_02DisplacementDecals\Ch06_02DisplacementDecals.csproj", "{D12602D5-2E91-4318-809B-7A2054B7930C}"
EndProject
Project("{FAE04EC0-301F-11D3-BF4B-00C04F79EFBC}") = "Ch06_01DisplacementMapping_TangentSpace", "Ch06_01DisplacementMapping_TangentSpace\Ch06_01DisplacementMapping_TangentSpace.csproj", "{6F9A1656-FB99-4C62-A74D-3E8A8A7D3987}"
EndProject
Project("{FAE04EC0-301F-11D3-BF4B-00C04F79EFBC}") = "Ch06_01DisplacementMapping", "Ch06_01DisplacementMapping\Ch06_01DisplacementMapping.csproj", "{E850F0F6-C366-49EE-84E6-462FF1DBA727}"
EndProject
Project("{2150E333-8FDC-42A3-9474-1A3956D46DE8}") = "Chapter07", "Chapter07", "{0A748F99-EA0C-4CDB-AB61-7766736C1EC4}"
EndProject
Project("{FAE04EC0-301F-11D3-BF4B-00C04F79EFBC}") = "Ch07_01ImageProcessing", "Ch07_01ImageProcessing\Ch07_01ImageProcessing.csproj", "{0CFBC61B-9D83-46EB-9AE5-3DE5C87B0BE2}"
EndProject
Project("{FAE04EC0-301F-11D3-BF4B-00C04F79EFBC}") = "ComputeGaussian", "ComputeGaussian\ComputeGaussian.csproj", "{1856A957-5F11-4161-A5C8-295E42FB3EA0}"
EndProject
Project("{2150E333-8FDC-42A3-9474-1A3956D46DE8}") = "Chapter08", "Chapter08", "{F7841D32-3B2E-459F-BC63-511843508899}"
EndProject
Project("{FAE04EC0-301F-11D3-BF4B-00C04F79EFBC}") = "Ch08_01Physics", "Ch08_01Physics\Ch08_01Physics.csproj", "{95F131EC-6BAC-4A20-8898-7E92FB7BAB8B}"
EndProject
Project("{FAE04EC0-301F-11D3-BF4B-00C04F79EFBC}") = "Ch08_02Particles", "Ch08_02Particles\Ch08_02Particles.csproj", "{B1C77ECE-2FE2-44DC-B19B-D50341CCE75F}"
EndProject
Project("{2150E333-8FDC-42A3-9474-1A3956D46DE8}") = "Chapter09", "Chapter09", "{A5CF558B-94B9-4703-BD76-668D045788B5}"
EndProject
Project("{FAE04EC0-301F-11D3-BF4B-00C04F79EFBC}") = "Ch09_01Benchmark", "Ch09_01Benchmark\Ch09_01Benchmark.csproj", "{91E06D85-D8B8-4952-B86F-9CDC46308487}"
EndProject
Project("{FAE04EC0-301F-11D3-BF4B-00C04F79EFBC}") = "Ch09_02DynamicCubeMapping", "Ch09_02DynamicCubeMapping\Ch09_02DynamicCubeMapping.csproj", "{170C1ABB-CF93-4C89-B82B-25B5F670DBFA}"
EndProject
Project("{FAE04EC0-301F-11D3-BF4B-00C04F79EFBC}") = "Ch09_03DualParaboloidMapping", "Ch09_03DualParaboloidMapping\Ch09_03DualParaboloidMapping.csproj", "{CECBEEA0-5186-4A07-B5D7-BCB1E9697ED8}"
EndProject
Project("{2150E333-8FDC-42A3-9474-1A3956D46DE8}") = "Chapter10", "Chapter10", "{94131183-E878-44B3-8B85-2BDB7983E836}"
EndProject
Project("{FAE04EC0-301F-11D3-BF4B-00C04F79EFBC}") = "Ch10_01DeferredRendering", "Ch10_01DeferredRendering\Ch10_01DeferredRendering.csproj", "{0D9EEC98-E7D9-464A-BD44-710785C3AC0F}"
EndProject
Global
	GlobalSection(SolutionConfigurationPlatforms) = preSolution
		Debug|Any CPU = Debug|Any CPU
		Debug|ARM = Debug|ARM
		Debug|Mixed Platforms = Debug|Mixed Platforms
		Debug|Win32 = Debug|Win32
		Debug|x64 = Debug|x64
		Release|Any CPU = Release|Any CPU
		Release|ARM = Release|ARM
		Release|Mixed Platforms = Release|Mixed Platforms
		Release|Win32 = Release|Win32
		Release|x64 = Release|x64
	EndGlobalSection
	GlobalSection(ProjectConfigurationPlatforms) = postSolution
		{E44FDDD4-7040-43C5-AAEC-8475C6049107}.Debug|Any CPU.ActiveCfg = Debug|Any CPU
		{E44FDDD4-7040-43C5-AAEC-8475C6049107}.Debug|Any CPU.Build.0 = Debug|Any CPU
		{E44FDDD4-7040-43C5-AAEC-8475C6049107}.Debug|ARM.ActiveCfg = Debug|Any CPU
		{E44FDDD4-7040-43C5-AAEC-8475C6049107}.Debug|Mixed Platforms.ActiveCfg = Debug|Any CPU
		{E44FDDD4-7040-43C5-AAEC-8475C6049107}.Debug|Mixed Platforms.Build.0 = Debug|Any CPU
		{E44FDDD4-7040-43C5-AAEC-8475C6049107}.Debug|Win32.ActiveCfg = Debug|Any CPU
		{E44FDDD4-7040-43C5-AAEC-8475C6049107}.Debug|x64.ActiveCfg = Debug|Any CPU
		{E44FDDD4-7040-43C5-AAEC-8475C6049107}.Release|Any CPU.ActiveCfg = Release|Any CPU
		{E44FDDD4-7040-43C5-AAEC-8475C6049107}.Release|Any CPU.Build.0 = Release|Any CPU
		{E44FDDD4-7040-43C5-AAEC-8475C6049107}.Release|ARM.ActiveCfg = Release|Any CPU
		{E44FDDD4-7040-43C5-AAEC-8475C6049107}.Release|Mixed Platforms.ActiveCfg = Release|Any CPU
		{E44FDDD4-7040-43C5-AAEC-8475C6049107}.Release|Mixed Platforms.Build.0 = Release|Any CPU
		{E44FDDD4-7040-43C5-AAEC-8475C6049107}.Release|Win32.ActiveCfg = Release|Any CPU
		{E44FDDD4-7040-43C5-AAEC-8475C6049107}.Release|x64.ActiveCfg = Release|Any CPU
		{C3B8C62E-AEB3-45F3-955B-4DDDBC9A9F21}.Debug|Any CPU.ActiveCfg = Debug|Any CPU
		{C3B8C62E-AEB3-45F3-955B-4DDDBC9A9F21}.Debug|Any CPU.Build.0 = Debug|Any CPU
		{C3B8C62E-AEB3-45F3-955B-4DDDBC9A9F21}.Debug|ARM.ActiveCfg = Debug|Any CPU
		{C3B8C62E-AEB3-45F3-955B-4DDDBC9A9F21}.Debug|Mixed Platforms.ActiveCfg = Debug|Any CPU
		{C3B8C62E-AEB3-45F3-955B-4DDDBC9A9F21}.Debug|Mixed Platforms.Build.0 = Debug|Any CPU
		{C3B8C62E-AEB3-45F3-955B-4DDDBC9A9F21}.Debug|Win32.ActiveCfg = Debug|Any CPU
		{C3B8C62E-AEB3-45F3-955B-4DDDBC9A9F21}.Debug|x64.ActiveCfg = Debug|Any CPU
		{C3B8C62E-AEB3-45F3-955B-4DDDBC9A9F21}.Release|Any CPU.ActiveCfg = Release|Any CPU
		{C3B8C62E-AEB3-45F3-955B-4DDDBC9A9F21}.Release|Any CPU.Build.0 = Release|Any CPU
		{C3B8C62E-AEB3-45F3-955B-4DDDBC9A9F21}.Release|ARM.ActiveCfg = Release|Any CPU
		{C3B8C62E-AEB3-45F3-955B-4DDDBC9A9F21}.Release|Mixed Platforms.ActiveCfg = Release|Any CPU
		{C3B8C62E-AEB3-45F3-955B-4DDDBC9A9F21}.Release|Mixed Platforms.Build.0 = Release|Any CPU
		{C3B8C62E-AEB3-45F3-955B-4DDDBC9A9F21}.Release|Win32.ActiveCfg = Release|Any CPU
		{C3B8C62E-AEB3-45F3-955B-4DDDBC9A9F21}.Release|x64.ActiveCfg = Release|Any CPU
		{103F1330-AB53-4404-BDDC-B5E4362A84BB}.Debug|Any CPU.ActiveCfg = Debug|Any CPU
		{103F1330-AB53-4404-BDDC-B5E4362A84BB}.Debug|Any CPU.Build.0 = Debug|Any CPU
		{103F1330-AB53-4404-BDDC-B5E4362A84BB}.Debug|ARM.ActiveCfg = Debug|Any CPU
		{103F1330-AB53-4404-BDDC-B5E4362A84BB}.Debug|Mixed Platforms.ActiveCfg = Debug|Any CPU
		{103F1330-AB53-4404-BDDC-B5E4362A84BB}.Debug|Mixed Platforms.Build.0 = Debug|Any CPU
		{103F1330-AB53-4404-BDDC-B5E4362A84BB}.Debug|Win32.ActiveCfg = Debug|Any CPU
		{103F1330-AB53-4404-BDDC-B5E4362A84BB}.Debug|x64.ActiveCfg = Debug|Any CPU
		{103F1330-AB53-4404-BDDC-B5E4362A84BB}.Release|Any CPU.ActiveCfg = Release|Any CPU
		{103F1330-AB53-4404-BDDC-B5E4362A84BB}.Release|Any CPU.Build.0 = Release|Any CPU
		{103F1330-AB53-4404-BDDC-B5E4362A84BB}.Release|ARM.ActiveCfg = Release|Any CPU
		{103F1330-AB53-4404-BDDC-B5E4362A84BB}.Release|Mixed Platforms.ActiveCfg = Release|Any CPU
		{103F1330-AB53-4404-BDDC-B5E4362A84BB}.Release|Mixed Platforms.Build.0 = Release|Any CPU
		{103F1330-AB53-4404-BDDC-B5E4362A84BB}.Release|Win32.ActiveCfg = Release|Any CPU
		{103F1330-AB53-4404-BDDC-B5E4362A84BB}.Release|x64.ActiveCfg = Release|Any CPU
		{25951E84-5832-47B4-B8F2-CE2682401E3C}.Debug|Any CPU.ActiveCfg = Debug|Any CPU
		{25951E84-5832-47B4-B8F2-CE2682401E3C}.Debug|Any CPU.Build.0 = Debug|Any CPU
		{25951E84-5832-47B4-B8F2-CE2682401E3C}.Debug|ARM.ActiveCfg = Debug|Any CPU
		{25951E84-5832-47B4-B8F2-CE2682401E3C}.Debug|Mixed Platforms.ActiveCfg = Debug|Any CPU
		{25951E84-5832-47B4-B8F2-CE2682401E3C}.Debug|Mixed Platforms.Build.0 = Debug|Any CPU
		{25951E84-5832-47B4-B8F2-CE2682401E3C}.Debug|Win32.ActiveCfg = Debug|Any CPU
		{25951E84-5832-47B4-B8F2-CE2682401E3C}.Debug|x64.ActiveCfg = Debug|Any CPU
		{25951E84-5832-47B4-B8F2-CE2682401E3C}.Release|Any CPU.ActiveCfg = Release|Any CPU
		{25951E84-5832-47B4-B8F2-CE2682401E3C}.Release|Any CPU.Build.0 = Release|Any CPU
		{25951E84-5832-47B4-B8F2-CE2682401E3C}.Release|ARM.ActiveCfg = Release|Any CPU
		{25951E84-5832-47B4-B8F2-CE2682401E3C}.Release|Mixed Platforms.ActiveCfg = Release|Any CPU
		{25951E84-5832-47B4-B8F2-CE2682401E3C}.Release|Mixed Platforms.Build.0 = Release|Any CPU
		{25951E84-5832-47B4-B8F2-CE2682401E3C}.Release|Win32.ActiveCfg = Release|Any CPU
		{25951E84-5832-47B4-B8F2-CE2682401E3C}.Release|x64.ActiveCfg = Release|Any CPU
		{939D8319-6E32-4700-BE9F-C1D079F57DDD}.Debug|Any CPU.ActiveCfg = Debug|Any CPU
		{939D8319-6E32-4700-BE9F-C1D079F57DDD}.Debug|Any CPU.Build.0 = Debug|Any CPU
		{939D8319-6E32-4700-BE9F-C1D079F57DDD}.Debug|ARM.ActiveCfg = Debug|Any CPU
		{939D8319-6E32-4700-BE9F-C1D079F57DDD}.Debug|Mixed Platforms.ActiveCfg = Debug|Any CPU
		{939D8319-6E32-4700-BE9F-C1D079F57DDD}.Debug|Mixed Platforms.Build.0 = Debug|Any CPU
		{939D8319-6E32-4700-BE9F-C1D079F57DDD}.Debug|Win32.ActiveCfg = Debug|Any CPU
		{939D8319-6E32-4700-BE9F-C1D079F57DDD}.Debug|x64.ActiveCfg = Debug|Any CPU
		{939D8319-6E32-4700-BE9F-C1D079F57DDD}.Release|Any CPU.ActiveCfg = Release|Any CPU
		{939D8319-6E32-4700-BE9F-C1D079F57DDD}.Release|Any CPU.Build.0 = Release|Any CPU
		{939D8319-6E32-4700-BE9F-C1D079F57DDD}.Release|ARM.ActiveCfg = Release|Any CPU
		{939D8319-6E32-4700-BE9F-C1D079F57DDD}.Release|Mixed Platforms.ActiveCfg = Release|Any CPU
		{939D8319-6E32-4700-BE9F-C1D079F57DDD}.Release|Mixed Platforms.Build.0 = Release|Any CPU
		{939D8319-6E32-4700-BE9F-C1D079F57DDD}.Release|Win32.ActiveCfg = Release|Any CPU
		{939D8319-6E32-4700-BE9F-C1D079F57DDD}.Release|x64.ActiveCfg = Release|Any CPU
		{31E8353D-A8BA-4C80-B257-88A04C0CF27B}.Debug|Any CPU.ActiveCfg = Debug|Any CPU
		{31E8353D-A8BA-4C80-B257-88A04C0CF27B}.Debug|Any CPU.Build.0 = Debug|Any CPU
		{31E8353D-A8BA-4C80-B257-88A04C0CF27B}.Debug|ARM.ActiveCfg = Debug|Any CPU
		{31E8353D-A8BA-4C80-B257-88A04C0CF27B}.Debug|Mixed Platforms.ActiveCfg = Debug|Any CPU
		{31E8353D-A8BA-4C80-B257-88A04C0CF27B}.Debug|Mixed Platforms.Build.0 = Debug|Any CPU
		{31E8353D-A8BA-4C80-B257-88A04C0CF27B}.Debug|Win32.ActiveCfg = Debug|Any CPU
		{31E8353D-A8BA-4C80-B257-88A04C0CF27B}.Debug|x64.ActiveCfg = Debug|Any CPU
		{31E8353D-A8BA-4C80-B257-88A04C0CF27B}.Release|Any CPU.ActiveCfg = Release|Any CPU
		{31E8353D-A8BA-4C80-B257-88A04C0CF27B}.Release|Any CPU.Build.0 = Release|Any CPU
		{31E8353D-A8BA-4C80-B257-88A04C0CF27B}.Release|ARM.ActiveCfg = Release|Any CPU
		{31E8353D-A8BA-4C80-B257-88A04C0CF27B}.Release|Mixed Platforms.ActiveCfg = Release|Any CPU
		{31E8353D-A8BA-4C80-B257-88A04C0CF27B}.Release|Mixed Platforms.Build.0 = Release|Any CPU
		{31E8353D-A8BA-4C80-B257-88A04C0CF27B}.Release|Win32.ActiveCfg = Release|Any CPU
		{31E8353D-A8BA-4C80-B257-88A04C0CF27B}.Release|x64.ActiveCfg = Release|Any CPU
		{D1C3EF59-C317-46AB-8320-8D53B293E8B4}.Debug|Any CPU.ActiveCfg = Debug|Any CPU
		{D1C3EF59-C317-46AB-8320-8D53B293E8B4}.Debug|Any CPU.Build.0 = Debug|Any CPU
		{D1C3EF59-C317-46AB-8320-8D53B293E8B4}.Debug|ARM.ActiveCfg = Debug|Any CPU
		{D1C3EF59-C317-46AB-8320-8D53B293E8B4}.Debug|Mixed Platforms.ActiveCfg = Debug|Any CPU
		{D1C3EF59-C317-46AB-8320-8D53B293E8B4}.Debug|Mixed Platforms.Build.0 = Debug|Any CPU
		{D1C3EF59-C317-46AB-8320-8D53B293E8B4}.Debug|Win32.ActiveCfg = Debug|Any CPU
		{D1C3EF59-C317-46AB-8320-8D53B293E8B4}.Debug|x64.ActiveCfg = Debug|Any CPU
		{D1C3EF59-C317-46AB-8320-8D53B293E8B4}.Release|Any CPU.ActiveCfg = Release|Any CPU
		{D1C3EF59-C317-46AB-8320-8D53B293E8B4}.Release|Any CPU.Build.0 = Release|Any CPU
		{D1C3EF59-C317-46AB-8320-8D53B293E8B4}.Release|ARM.ActiveCfg = Release|Any CPU
		{D1C3EF59-C317-46AB-8320-8D53B293E8B4}.Release|Mixed Platforms.ActiveCfg = Release|Any CPU
		{D1C3EF59-C317-46AB-8320-8D53B293E8B4}.Release|Mixed Platforms.Build.0 = Release|Any CPU
		{D1C3EF59-C317-46AB-8320-8D53B293E8B4}.Release|Win32.ActiveCfg = Release|Any CPU
		{D1C3EF59-C317-46AB-8320-8D53B293E8B4}.Release|x64.ActiveCfg = Release|Any CPU
		{64FA3484-0E34-482C-BC3C-576F9E4153B7}.Debug|Any CPU.ActiveCfg = Debug|Any CPU
		{64FA3484-0E34-482C-BC3C-576F9E4153B7}.Debug|Any CPU.Build.0 = Debug|Any CPU
		{64FA3484-0E34-482C-BC3C-576F9E4153B7}.Debug|ARM.ActiveCfg = Debug|Any CPU
		{64FA3484-0E34-482C-BC3C-576F9E4153B7}.Debug|Mixed Platforms.ActiveCfg = Debug|Any CPU
		{64FA3484-0E34-482C-BC3C-576F9E4153B7}.Debug|Mixed Platforms.Build.0 = Debug|Any CPU
		{64FA3484-0E34-482C-BC3C-576F9E4153B7}.Debug|Win32.ActiveCfg = Debug|Any CPU
		{64FA3484-0E34-482C-BC3C-576F9E4153B7}.Debug|x64.ActiveCfg = Debug|Any CPU
		{64FA3484-0E34-482C-BC3C-576F9E4153B7}.Release|Any CPU.ActiveCfg = Release|Any CPU
		{64FA3484-0E34-482C-BC3C-576F9E4153B7}.Release|Any CPU.Build.0 = Release|Any CPU
		{64FA3484-0E34-482C-BC3C-576F9E4153B7}.Release|ARM.ActiveCfg = Release|Any CPU
		{64FA3484-0E34-482C-BC3C-576F9E4153B7}.Release|Mixed Platforms.ActiveCfg = Release|Any CPU
		{64FA3484-0E34-482C-BC3C-576F9E4153B7}.Release|Mixed Platforms.Build.0 = Release|Any CPU
		{64FA3484-0E34-482C-BC3C-576F9E4153B7}.Release|Win32.ActiveCfg = Release|Any CPU
		{64FA3484-0E34-482C-BC3C-576F9E4153B7}.Release|x64.ActiveCfg = Release|Any CPU
		{C3BA0837-FAE7-46FC-AA64-F056D051D448}.Debug|Any CPU.ActiveCfg = Debug|Any CPU
		{C3BA0837-FAE7-46FC-AA64-F056D051D448}.Debug|Any CPU.Build.0 = Debug|Any CPU
		{C3BA0837-FAE7-46FC-AA64-F056D051D448}.Debug|ARM.ActiveCfg = Debug|Any CPU
		{C3BA0837-FAE7-46FC-AA64-F056D051D448}.Debug|Mixed Platforms.ActiveCfg = Debug|Any CPU
		{C3BA0837-FAE7-46FC-AA64-F056D051D448}.Debug|Mixed Platforms.Build.0 = Debug|Any CPU
		{C3BA0837-FAE7-46FC-AA64-F056D051D448}.Debug|Win32.ActiveCfg = Debug|Any CPU
		{C3BA0837-FAE7-46FC-AA64-F056D051D448}.Debug|x64.ActiveCfg = Debug|Any CPU
		{C3BA0837-FAE7-46FC-AA64-F056D051D448}.Release|Any CPU.ActiveCfg = Release|Any CPU
		{C3BA0837-FAE7-46FC-AA64-F056D051D448}.Release|Any CPU.Build.0 = Release|Any CPU
		{C3BA0837-FAE7-46FC-AA64-F056D051D448}.Release|ARM.ActiveCfg = Release|Any CPU
		{C3BA0837-FAE7-46FC-AA64-F056D051D448}.Release|Mixed Platforms.ActiveCfg = Release|Any CPU
		{C3BA0837-FAE7-46FC-AA64-F056D051D448}.Release|Mixed Platforms.Build.0 = Release|Any CPU
		{C3BA0837-FAE7-46FC-AA64-F056D051D448}.Release|Win32.ActiveCfg = Release|Any CPU
		{C3BA0837-FAE7-46FC-AA64-F056D051D448}.Release|x64.ActiveCfg = Release|Any CPU
		{E87FC40A-9942-4D86-98A3-E350B282B99C}.Debug|Any CPU.ActiveCfg = Debug|Any CPU
		{E87FC40A-9942-4D86-98A3-E350B282B99C}.Debug|Any CPU.Build.0 = Debug|Any CPU
		{E87FC40A-9942-4D86-98A3-E350B282B99C}.Debug|ARM.ActiveCfg = Debug|Any CPU
		{E87FC40A-9942-4D86-98A3-E350B282B99C}.Debug|Mixed Platforms.ActiveCfg = Debug|Any CPU
		{E87FC40A-9942-4D86-98A3-E350B282B99C}.Debug|Mixed Platforms.Build.0 = Debug|Any CPU
		{E87FC40A-9942-4D86-98A3-E350B282B99C}.Debug|Win32.ActiveCfg = Debug|Any CPU
		{E87FC40A-9942-4D86-98A3-E350B282B99C}.Debug|x64.ActiveCfg = Debug|Any CPU
		{E87FC40A-9942-4D86-98A3-E350B282B99C}.Release|Any CPU.ActiveCfg = Release|Any CPU
		{E87FC40A-9942-4D86-98A3-E350B282B99C}.Release|Any CPU.Build.0 = Release|Any CPU
		{E87FC40A-9942-4D86-98A3-E350B282B99C}.Release|ARM.ActiveCfg = Release|Any CPU
		{E87FC40A-9942-4D86-98A3-E350B282B99C}.Release|Mixed Platforms.ActiveCfg = Release|Any CPU
		{E87FC40A-9942-4D86-98A3-E350B282B99C}.Release|Mixed Platforms.Build.0 = Release|Any CPU
		{E87FC40A-9942-4D86-98A3-E350B282B99C}.Release|Win32.ActiveCfg = Release|Any CPU
		{E87FC40A-9942-4D86-98A3-E350B282B99C}.Release|x64.ActiveCfg = Release|Any CPU
		{70770A2A-BB39-48AD-B39A-B3D27C3661C6}.Debug|Any CPU.ActiveCfg = Debug|Any CPU
		{70770A2A-BB39-48AD-B39A-B3D27C3661C6}.Debug|Any CPU.Build.0 = Debug|Any CPU
		{70770A2A-BB39-48AD-B39A-B3D27C3661C6}.Debug|ARM.ActiveCfg = Debug|Any CPU
		{70770A2A-BB39-48AD-B39A-B3D27C3661C6}.Debug|Mixed Platforms.ActiveCfg = Debug|Any CPU
		{70770A2A-BB39-48AD-B39A-B3D27C3661C6}.Debug|Mixed Platforms.Build.0 = Debug|Any CPU
		{70770A2A-BB39-48AD-B39A-B3D27C3661C6}.Debug|Win32.ActiveCfg = Debug|Any CPU
		{70770A2A-BB39-48AD-B39A-B3D27C3661C6}.Debug|x64.ActiveCfg = Debug|Any CPU
		{70770A2A-BB39-48AD-B39A-B3D27C3661C6}.Release|Any CPU.ActiveCfg = Release|Any CPU
		{70770A2A-BB39-48AD-B39A-B3D27C3661C6}.Release|Any CPU.Build.0 = Release|Any CPU
		{70770A2A-BB39-48AD-B39A-B3D27C3661C6}.Release|ARM.ActiveCfg = Release|Any CPU
		{70770A2A-BB39-48AD-B39A-B3D27C3661C6}.Release|Mixed Platforms.ActiveCfg = Release|Any CPU
		{70770A2A-BB39-48AD-B39A-B3D27C3661C6}.Release|Mixed Platforms.Build.0 = Release|Any CPU
		{70770A2A-BB39-48AD-B39A-B3D27C3661C6}.Release|Win32.ActiveCfg = Release|Any CPU
		{70770A2A-BB39-48AD-B39A-B3D27C3661C6}.Release|x64.ActiveCfg = Release|Any CPU
		{E7CA95B7-4642-4CD3-A5AA-5CCE335418EB}.Debug|Any CPU.ActiveCfg = Debug|Any CPU
		{E7CA95B7-4642-4CD3-A5AA-5CCE335418EB}.Debug|Any CPU.Build.0 = Debug|Any CPU
		{E7CA95B7-4642-4CD3-A5AA-5CCE335418EB}.Debug|ARM.ActiveCfg = Debug|Any CPU
		{E7CA95B7-4642-4CD3-A5AA-5CCE335418EB}.Debug|Mixed Platforms.ActiveCfg = Debug|Any CPU
		{E7CA95B7-4642-4CD3-A5AA-5CCE335418EB}.Debug|Mixed Platforms.Build.0 = Debug|Any CPU
		{E7CA95B7-4642-4CD3-A5AA-5CCE335418EB}.Debug|Win32.ActiveCfg = Debug|Any CPU
		{E7CA95B7-4642-4CD3-A5AA-5CCE335418EB}.Debug|x64.ActiveCfg = Debug|Any CPU
		{E7CA95B7-4642-4CD3-A5AA-5CCE335418EB}.Release|Any CPU.ActiveCfg = Release|Any CPU
		{E7CA95B7-4642-4CD3-A5AA-5CCE335418EB}.Release|Any CPU.Build.0 = Release|Any CPU
		{E7CA95B7-4642-4CD3-A5AA-5CCE335418EB}.Release|ARM.ActiveCfg = Release|Any CPU
		{E7CA95B7-4642-4CD3-A5AA-5CCE335418EB}.Release|Mixed Platforms.ActiveCfg = Release|Any CPU
		{E7CA95B7-4642-4CD3-A5AA-5CCE335418EB}.Release|Mixed Platforms.Build.0 = Release|Any CPU
		{E7CA95B7-4642-4CD3-A5AA-5CCE335418EB}.Release|Win32.ActiveCfg = Release|Any CPU
		{E7CA95B7-4642-4CD3-A5AA-5CCE335418EB}.Release|x64.ActiveCfg = Release|Any CPU
		{32C722C6-BAB9-4E58-A31F-66546F441C13}.Debug|Any CPU.ActiveCfg = Debug|Any CPU
		{32C722C6-BAB9-4E58-A31F-66546F441C13}.Debug|Any CPU.Build.0 = Debug|Any CPU
		{32C722C6-BAB9-4E58-A31F-66546F441C13}.Debug|ARM.ActiveCfg = Debug|Any CPU
		{32C722C6-BAB9-4E58-A31F-66546F441C13}.Debug|Mixed Platforms.ActiveCfg = Debug|Any CPU
		{32C722C6-BAB9-4E58-A31F-66546F441C13}.Debug|Mixed Platforms.Build.0 = Debug|Any CPU
		{32C722C6-BAB9-4E58-A31F-66546F441C13}.Debug|Win32.ActiveCfg = Debug|Any CPU
		{32C722C6-BAB9-4E58-A31F-66546F441C13}.Debug|x64.ActiveCfg = Debug|Any CPU
		{32C722C6-BAB9-4E58-A31F-66546F441C13}.Release|Any CPU.ActiveCfg = Release|Any CPU
		{32C722C6-BAB9-4E58-A31F-66546F441C13}.Release|Any CPU.Build.0 = Release|Any CPU
		{32C722C6-BAB9-4E58-A31F-66546F441C13}.Release|ARM.ActiveCfg = Release|Any CPU
		{32C722C6-BAB9-4E58-A31F-66546F441C13}.Release|Mixed Platforms.ActiveCfg = Release|Any CPU
		{32C722C6-BAB9-4E58-A31F-66546F441C13}.Release|Mixed Platforms.Build.0 = Release|Any CPU
		{32C722C6-BAB9-4E58-A31F-66546F441C13}.Release|Win32.ActiveCfg = Release|Any CPU
		{32C722C6-BAB9-4E58-A31F-66546F441C13}.Release|x64.ActiveCfg = Release|Any CPU
		{D4CC8F57-2A64-4F8D-B9B6-1ACE4E1575EE}.Debug|Any CPU.ActiveCfg = Debug|Any CPU
		{D4CC8F57-2A64-4F8D-B9B6-1ACE4E1575EE}.Debug|Any CPU.Build.0 = Debug|Any CPU
		{D4CC8F57-2A64-4F8D-B9B6-1ACE4E1575EE}.Debug|ARM.ActiveCfg = Debug|Any CPU
		{D4CC8F57-2A64-4F8D-B9B6-1ACE4E1575EE}.Debug|Mixed Platforms.ActiveCfg = Debug|Any CPU
		{D4CC8F57-2A64-4F8D-B9B6-1ACE4E1575EE}.Debug|Mixed Platforms.Build.0 = Debug|Any CPU
		{D4CC8F57-2A64-4F8D-B9B6-1ACE4E1575EE}.Debug|Win32.ActiveCfg = Debug|Any CPU
		{D4CC8F57-2A64-4F8D-B9B6-1ACE4E1575EE}.Debug|x64.ActiveCfg = Debug|Any CPU
		{D4CC8F57-2A64-4F8D-B9B6-1ACE4E1575EE}.Release|Any CPU.ActiveCfg = Release|Any CPU
		{D4CC8F57-2A64-4F8D-B9B6-1ACE4E1575EE}.Release|Any CPU.Build.0 = Release|Any CPU
		{D4CC8F57-2A64-4F8D-B9B6-1ACE4E1575EE}.Release|ARM.ActiveCfg = Release|Any CPU
		{D4CC8F57-2A64-4F8D-B9B6-1ACE4E1575EE}.Release|Mixed Platforms.ActiveCfg = Release|Any CPU
		{D4CC8F57-2A64-4F8D-B9B6-1ACE4E1575EE}.Release|Mixed Platforms.Build.0 = Release|Any CPU
		{D4CC8F57-2A64-4F8D-B9B6-1ACE4E1575EE}.Release|Win32.ActiveCfg = Release|Any CPU
		{D4CC8F57-2A64-4F8D-B9B6-1ACE4E1575EE}.Release|x64.ActiveCfg = Release|Any CPU
		{D12602D5-2E91-4318-809B-7A2054B7930C}.Debug|Any CPU.ActiveCfg = Debug|Any CPU
		{D12602D5-2E91-4318-809B-7A2054B7930C}.Debug|Any CPU.Build.0 = Debug|Any CPU
		{D12602D5-2E91-4318-809B-7A2054B7930C}.Debug|ARM.ActiveCfg = Debug|Any CPU
		{D12602D5-2E91-4318-809B-7A2054B7930C}.Debug|Mixed Platforms.ActiveCfg = Debug|Any CPU
		{D12602D5-2E91-4318-809B-7A2054B7930C}.Debug|Mixed Platforms.Build.0 = Debug|Any CPU
		{D12602D5-2E91-4318-809B-7A2054B7930C}.Debug|Win32.ActiveCfg = Debug|Any CPU
		{D12602D5-2E91-4318-809B-7A2054B7930C}.Debug|x64.ActiveCfg = Debug|Any CPU
		{D12602D5-2E91-4318-809B-7A2054B7930C}.Release|Any CPU.ActiveCfg = Release|Any CPU
		{D12602D5-2E91-4318-809B-7A2054B7930C}.Release|Any CPU.Build.0 = Release|Any CPU
		{D12602D5-2E91-4318-809B-7A2054B7930C}.Release|ARM.ActiveCfg = Release|Any CPU
		{D12602D5-2E91-4318-809B-7A2054B7930C}.Release|Mixed Platforms.ActiveCfg = Release|Any CPU
		{D12602D5-2E91-4318-809B-7A2054B7930C}.Release|Mixed Platforms.Build.0 = Release|Any CPU
		{D12602D5-2E91-4318-809B-7A2054B7930C}.Release|Win32.ActiveCfg = Release|Any CPU
		{D12602D5-2E91-4318-809B-7A2054B7930C}.Release|x64.ActiveCfg = Release|Any CPU
		{6F9A1656-FB99-4C62-A74D-3E8A8A7D3987}.Debug|Any CPU.ActiveCfg = Debug|Any CPU
		{6F9A1656-FB99-4C62-A74D-3E8A8A7D3987}.Debug|Any CPU.Build.0 = Debug|Any CPU
		{6F9A1656-FB99-4C62-A74D-3E8A8A7D3987}.Debug|ARM.ActiveCfg = Debug|Any CPU
		{6F9A1656-FB99-4C62-A74D-3E8A8A7D3987}.Debug|Mixed Platforms.ActiveCfg = Debug|Any CPU
		{6F9A1656-FB99-4C62-A74D-3E8A8A7D3987}.Debug|Mixed Platforms.Build.0 = Debug|Any CPU
		{6F9A1656-FB99-4C62-A74D-3E8A8A7D3987}.Debug|Win32.ActiveCfg = Debug|Any CPU
		{6F9A1656-FB99-4C62-A74D-3E8A8A7D3987}.Debug|x64.ActiveCfg = Debug|Any CPU
		{6F9A1656-FB99-4C62-A74D-3E8A8A7D3987}.Release|Any CPU.ActiveCfg = Release|Any CPU
		{6F9A1656-FB99-4C62-A74D-3E8A8A7D3987}.Release|Any CPU.Build.0 = Release|Any CPU
		{6F9A1656-FB99-4C62-A74D-3E8A8A7D3987}.Release|ARM.ActiveCfg = Release|Any CPU
		{6F9A1656-FB99-4C62-A74D-3E8A8A7D3987}.Release|Mixed Platforms.ActiveCfg = Release|Any CPU
		{6F9A1656-FB99-4C62-A74D-3E8A8A7D3987}.Release|Mixed Platforms.Build.0 = Release|Any CPU
		{6F9A1656-FB99-4C62-A74D-3E8A8A7D3987}.Release|Win32.ActiveCfg = Release|Any CPU
		{6F9A1656-FB99-4C62-A74D-3E8A8A7D3987}.Release|x64.ActiveCfg = Release|Any CPU
		{E850F0F6-C366-49EE-84E6-462FF1DBA727}.Debug|Any CPU.ActiveCfg = Debug|Any CPU
		{E850F0F6-C366-49EE-84E6-462FF1DBA727}.Debug|Any CPU.Build.0 = Debug|Any CPU
		{E850F0F6-C366-49EE-84E6-462FF1DBA727}.Debug|ARM.ActiveCfg = Debug|Any CPU
		{E850F0F6-C366-49EE-84E6-462FF1DBA727}.Debug|Mixed Platforms.ActiveCfg = Debug|Any CPU
		{E850F0F6-C366-49EE-84E6-462FF1DBA727}.Debug|Mixed Platforms.Build.0 = Debug|Any CPU
		{E850F0F6-C366-49EE-84E6-462FF1DBA727}.Debug|Win32.ActiveCfg = Debug|Any CPU
		{E850F0F6-C366-49EE-84E6-462FF1DBA727}.Debug|x64.ActiveCfg = Debug|Any CPU
		{E850F0F6-C366-49EE-84E6-462FF1DBA727}.Release|Any CPU.ActiveCfg = Release|Any CPU
		{E850F0F6-C366-49EE-84E6-462FF1DBA727}.Release|Any CPU.Build.0 = Release|Any CPU
		{E850F0F6-C366-49EE-84E6-462FF1DBA727}.Release|ARM.ActiveCfg = Release|Any CPU
		{E850F0F6-C366-49EE-84E6-462FF1DBA727}.Release|Mixed Platforms.ActiveCfg = Release|Any CPU
		{E850F0F6-C366-49EE-84E6-462FF1DBA727}.Release|Mixed Platforms.Build.0 = Release|Any CPU
		{E850F0F6-C366-49EE-84E6-462FF1DBA727}.Release|Win32.ActiveCfg = Release|Any CPU
		{E850F0F6-C366-49EE-84E6-462FF1DBA727}.Release|x64.ActiveCfg = Release|Any CPU
		{0CFBC61B-9D83-46EB-9AE5-3DE5C87B0BE2}.Debug|Any CPU.ActiveCfg = Debug|Any CPU
		{0CFBC61B-9D83-46EB-9AE5-3DE5C87B0BE2}.Debug|Any CPU.Build.0 = Debug|Any CPU
		{0CFBC61B-9D83-46EB-9AE5-3DE5C87B0BE2}.Debug|ARM.ActiveCfg = Debug|Any CPU
		{0CFBC61B-9D83-46EB-9AE5-3DE5C87B0BE2}.Debug|Mixed Platforms.ActiveCfg = Debug|Any CPU
		{0CFBC61B-9D83-46EB-9AE5-3DE5C87B0BE2}.Debug|Mixed Platforms.Build.0 = Debug|Any CPU
		{0CFBC61B-9D83-46EB-9AE5-3DE5C87B0BE2}.Debug|Win32.ActiveCfg = Debug|Any CPU
		{0CFBC61B-9D83-46EB-9AE5-3DE5C87B0BE2}.Debug|x64.ActiveCfg = Debug|Any CPU
		{0CFBC61B-9D83-46EB-9AE5-3DE5C87B0BE2}.Release|Any CPU.ActiveCfg = Release|Any CPU
		{0CFBC61B-9D83-46EB-9AE5-3DE5C87B0BE2}.Release|Any CPU.Build.0 = Release|Any CPU
		{0CFBC61B-9D83-46EB-9AE5-3DE5C87B0BE2}.Release|ARM.ActiveCfg = Release|Any CPU
		{0CFBC61B-9D83-46EB-9AE5-3DE5C87B0BE2}.Release|Mixed Platforms.ActiveCfg = Release|Any CPU
		{0CFBC61B-9D83-46EB-9AE5-3DE5C87B0BE2}.Release|Mixed Platforms.Build.0 = Release|Any CPU
		{0CFBC61B-9D83-46EB-9AE5-3DE5C87B0BE2}.Release|Win32.ActiveCfg = Release|Any CPU
		{0CFBC61B-9D83-46EB-9AE5-3DE5C87B0BE2}.Release|x64.ActiveCfg = Release|Any CPU
		{1856A957-5F11-4161-A5C8-295E42FB3EA0}.Debug|Any CPU.ActiveCfg = Debug|Any CPU
		{1856A957-5F11-4161-A5C8-295E42FB3EA0}.Debug|Any CPU.Build.0 = Debug|Any CPU
		{1856A957-5F11-4161-A5C8-295E42FB3EA0}.Debug|ARM.ActiveCfg = Debug|Any CPU
		{1856A957-5F11-4161-A5C8-295E42FB3EA0}.Debug|Mixed Platforms.ActiveCfg = Debug|Any CPU
		{1856A957-5F11-4161-A5C8-295E42FB3EA0}.Debug|Mixed Platforms.Build.0 = Debug|Any CPU
		{1856A957-5F11-4161-A5C8-295E42FB3EA0}.Debug|Win32.ActiveCfg = Debug|Any CPU
		{1856A957-5F11-4161-A5C8-295E42FB3EA0}.Debug|x64.ActiveCfg = Debug|Any CPU
		{1856A957-5F11-4161-A5C8-295E42FB3EA0}.Release|Any CPU.ActiveCfg = Release|Any CPU
		{1856A957-5F11-4161-A5C8-295E42FB3EA0}.Release|Any CPU.Build.0 = Release|Any CPU
		{1856A957-5F11-4161-A5C8-295E42FB3EA0}.Release|ARM.ActiveCfg = Release|Any CPU
		{1856A957-5F11-4161-A5C8-295E42FB3EA0}.Release|Mixed Platforms.ActiveCfg = Release|Any CPU
		{1856A957-5F11-4161-A5C8-295E42FB3EA0}.Release|Mixed Platforms.Build.0 = Release|Any CPU
		{1856A957-5F11-4161-A5C8-295E42FB3EA0}.Release|Win32.ActiveCfg = Release|Any CPU
		{1856A957-5F11-4161-A5C8-295E42FB3EA0}.Release|x64.ActiveCfg = Release|Any CPU
		{95F131EC-6BAC-4A20-8898-7E92FB7BAB8B}.Debug|Any CPU.ActiveCfg = Debug|Any CPU
		{95F131EC-6BAC-4A20-8898-7E92FB7BAB8B}.Debug|Any CPU.Build.0 = Debug|Any CPU
		{95F131EC-6BAC-4A20-8898-7E92FB7BAB8B}.Debug|ARM.ActiveCfg = Debug|Any CPU
		{95F131EC-6BAC-4A20-8898-7E92FB7BAB8B}.Debug|Mixed Platforms.ActiveCfg = Debug|Any CPU
		{95F131EC-6BAC-4A20-8898-7E92FB7BAB8B}.Debug|Mixed Platforms.Build.0 = Debug|Any CPU
		{95F131EC-6BAC-4A20-8898-7E92FB7BAB8B}.Debug|Win32.ActiveCfg = Debug|Any CPU
		{95F131EC-6BAC-4A20-8898-7E92FB7BAB8B}.Debug|x64.ActiveCfg = Debug|Any CPU
		{95F131EC-6BAC-4A20-8898-7E92FB7BAB8B}.Release|Any CPU.ActiveCfg = Release|Any CPU
		{95F131EC-6BAC-4A20-8898-7E92FB7BAB8B}.Release|Any CPU.Build.0 = Release|Any CPU
		{95F131EC-6BAC-4A20-8898-7E92FB7BAB8B}.Release|ARM.ActiveCfg = Release|Any CPU
		{95F131EC-6BAC-4A20-8898-7E92FB7BAB8B}.Release|Mixed Platforms.ActiveCfg = Release|Any CPU
		{95F131EC-6BAC-4A20-8898-7E92FB7BAB8B}.Release|Mixed Platforms.Build.0 = Release|Any CPU
		{95F131EC-6BAC-4A20-8898-7E92FB7BAB8B}.Release|Win32.ActiveCfg = Release|Any CPU
		{95F131EC-6BAC-4A20-8898-7E92FB7BAB8B}.Release|x64.ActiveCfg = Release|Any CPU
		{B1C77ECE-2FE2-44DC-B19B-D50341CCE75F}.Debug|Any CPU.ActiveCfg = Debug|Any CPU
		{B1C77ECE-2FE2-44DC-B19B-D50341CCE75F}.Debug|Any CPU.Build.0 = Debug|Any CPU
		{B1C77ECE-2FE2-44DC-B19B-D50341CCE75F}.Debug|ARM.ActiveCfg = Debug|Any CPU
		{B1C77ECE-2FE2-44DC-B19B-D50341CCE75F}.Debug|Mixed Platforms.ActiveCfg = Debug|Any CPU
		{B1C77ECE-2FE2-44DC-B19B-D50341CCE75F}.Debug|Mixed Platforms.Build.0 = Debug|Any CPU
		{B1C77ECE-2FE2-44DC-B19B-D50341CCE75F}.Debug|Win32.ActiveCfg = Debug|Any CPU
		{B1C77ECE-2FE2-44DC-B19B-D50341CCE75F}.Debug|x64.ActiveCfg = Debug|Any CPU
		{B1C77ECE-2FE2-44DC-B19B-D50341CCE75F}.Release|Any CPU.ActiveCfg = Release|Any CPU
		{B1C77ECE-2FE2-44DC-B19B-D50341CCE75F}.Release|Any CPU.Build.0 = Release|Any CPU
		{B1C77ECE-2FE2-44DC-B19B-D50341CCE75F}.Release|ARM.ActiveCfg = Release|Any CPU
		{B1C77ECE-2FE2-44DC-B19B-D50341CCE75F}.Release|Mixed Platforms.ActiveCfg = Release|Any CPU
		{B1C77ECE-2FE2-44DC-B19B-D50341CCE75F}.Release|Mixed Platforms.Build.0 = Release|Any CPU
		{B1C77ECE-2FE2-44DC-B19B-D50341CCE75F}.Release|Win32.ActiveCfg = Release|Any CPU
		{B1C77ECE-2FE2-44DC-B19B-D50341CCE75F}.Release|x64.ActiveCfg = Release|Any CPU
		{91E06D85-D8B8-4952-B86F-9CDC46308487}.Debug|Any CPU.ActiveCfg = Debug|Any CPU
		{91E06D85-D8B8-4952-B86F-9CDC46308487}.Debug|Any CPU.Build.0 = Debug|Any CPU
		{91E06D85-D8B8-4952-B86F-9CDC46308487}.Debug|ARM.ActiveCfg = Debug|Any CPU
		{91E06D85-D8B8-4952-B86F-9CDC46308487}.Debug|Mixed Platforms.ActiveCfg = Debug|Any CPU
		{91E06D85-D8B8-4952-B86F-9CDC46308487}.Debug|Mixed Platforms.Build.0 = Debug|Any CPU
		{91E06D85-D8B8-4952-B86F-9CDC46308487}.Debug|Win32.ActiveCfg = Debug|Any CPU
		{91E06D85-D8B8-4952-B86F-9CDC46308487}.Debug|x64.ActiveCfg = Debug|Any CPU
		{91E06D85-D8B8-4952-B86F-9CDC46308487}.Release|Any CPU.ActiveCfg = Release|Any CPU
		{91E06D85-D8B8-4952-B86F-9CDC46308487}.Release|Any CPU.Build.0 = Release|Any CPU
		{91E06D85-D8B8-4952-B86F-9CDC46308487}.Release|ARM.ActiveCfg = Release|Any CPU
		{91E06D85-D8B8-4952-B86F-9CDC46308487}.Release|Mixed Platforms.ActiveCfg = Release|Any CPU
		{91E06D85-D8B8-4952-B86F-9CDC46308487}.Release|Mixed Platforms.Build.0 = Release|Any CPU
		{91E06D85-D8B8-4952-B86F-9CDC46308487}.Release|Win32.ActiveCfg = Release|Any CPU
		{91E06D85-D8B8-4952-B86F-9CDC46308487}.Release|x64.ActiveCfg = Release|Any CPU
		{170C1ABB-CF93-4C89-B82B-25B5F670DBFA}.Debug|Any CPU.ActiveCfg = Debug|Any CPU
		{170C1ABB-CF93-4C89-B82B-25B5F670DBFA}.Debug|Any CPU.Build.0 = Debug|Any CPU
		{170C1ABB-CF93-4C89-B82B-25B5F670DBFA}.Debug|ARM.ActiveCfg = Debug|Any CPU
		{170C1ABB-CF93-4C89-B82B-25B5F670DBFA}.Debug|Mixed Platforms.ActiveCfg = Debug|Any CPU
		{170C1ABB-CF93-4C89-B82B-25B5F670DBFA}.Debug|Mixed Platforms.Build.0 = Debug|Any CPU
		{170C1ABB-CF93-4C89-B82B-25B5F670DBFA}.Debug|Win32.ActiveCfg = Debug|Any CPU
		{170C1ABB-CF93-4C89-B82B-25B5F670DBFA}.Debug|x64.ActiveCfg = Debug|Any CPU
		{170C1ABB-CF93-4C89-B82B-25B5F670DBFA}.Release|Any CPU.ActiveCfg = Release|Any CPU
		{170C1ABB-CF93-4C89-B82B-25B5F670DBFA}.Release|Any CPU.Build.0 = Release|Any CPU
		{170C1ABB-CF93-4C89-B82B-25B5F670DBFA}.Release|ARM.ActiveCfg = Release|Any CPU
		{170C1ABB-CF93-4C89-B82B-25B5F670DBFA}.Release|Mixed Platforms.ActiveCfg = Release|Any CPU
		{170C1ABB-CF93-4C89-B82B-25B5F670DBFA}.Release|Mixed Platforms.Build.0 = Release|Any CPU
		{170C1ABB-CF93-4C89-B82B-25B5F670DBFA}.Release|Win32.ActiveCfg = Release|Any CPU
		{170C1ABB-CF93-4C89-B82B-25B5F670DBFA}.Release|x64.ActiveCfg = Release|Any CPU
		{CECBEEA0-5186-4A07-B5D7-BCB1E9697ED8}.Debug|Any CPU.ActiveCfg = Debug|Any CPU
		{CECBEEA0-5186-4A07-B5D7-BCB1E9697ED8}.Debug|Any CPU.Build.0 = Debug|Any CPU
		{CECBEEA0-5186-4A07-B5D7-BCB1E9697ED8}.Debug|ARM.ActiveCfg = Debug|Any CPU
		{CECBEEA0-5186-4A07-B5D7-BCB1E9697ED8}.Debug|Mixed Platforms.ActiveCfg = Debug|Any CPU
		{CECBEEA0-5186-4A07-B5D7-BCB1E9697ED8}.Debug|Mixed Platforms.Build.0 = Debug|Any CPU
		{CECBEEA0-5186-4A07-B5D7-BCB1E9697ED8}.Debug|Win32.ActiveCfg = Debug|Any CPU
		{CECBEEA0-5186-4A07-B5D7-BCB1E9697ED8}.Debug|x64.ActiveCfg = Debug|Any CPU
		{CECBEEA0-5186-4A07-B5D7-BCB1E9697ED8}.Release|Any CPU.ActiveCfg = Release|Any CPU
		{CECBEEA0-5186-4A07-B5D7-BCB1E9697ED8}.Release|Any CPU.Build.0 = Release|Any CPU
		{CECBEEA0-5186-4A07-B5D7-BCB1E9697ED8}.Release|ARM.ActiveCfg = Release|Any CPU
		{CECBEEA0-5186-4A07-B5D7-BCB1E9697ED8}.Release|Mixed Platforms.ActiveCfg = Release|Any CPU
		{CECBEEA0-5186-4A07-B5D7-BCB1E9697ED8}.Release|Mixed Platforms.Build.0 = Release|Any CPU
		{CECBEEA0-5186-4A07-B5D7-BCB1E9697ED8}.Release|Win32.ActiveCfg = Release|Any CPU
		{CECBEEA0-5186-4A07-B5D7-BCB1E9697ED8}.Release|x64.ActiveCfg = Release|Any CPU
		{0D9EEC98-E7D9-464A-BD44-710785C3AC0F}.Debug|Any CPU.ActiveCfg = Debug|Any CPU
		{0D9EEC98-E7D9-464A-BD44-710785C3AC0F}.Debug|Any CPU.Build.0 = Debug|Any CPU
		{0D9EEC98-E7D9-464A-BD44-710785C3AC0F}.Debug|ARM.ActiveCfg = Debug|Any CPU
		{0D9EEC98-E7D9-464A-BD44-710785C3AC0F}.Debug|Mixed Platforms.ActiveCfg = Debug|Any CPU
		{0D9EEC98-E7D9-464A-BD44-710785C3AC0F}.Debug|Mixed Platforms.Build.0 = Debug|Any CPU
		{0D9EEC98-E7D9-464A-BD44-710785C3AC0F}.Debug|Win32.ActiveCfg = Debug|Any CPU
		{0D9EEC98-E7D9-464A-BD44-710785C3AC0F}.Debug|x64.ActiveCfg = Debug|Any CPU
		{0D9EEC98-E7D9-464A-BD44-710785C3AC0F}.Release|Any CPU.ActiveCfg = Release|Any CPU
		{0D9EEC98-E7D9-464A-BD44-710785C3AC0F}.Release|Any CPU.Build.0 = Release|Any CPU
		{0D9EEC98-E7D9-464A-BD44-710785C3AC0F}.Release|ARM.ActiveCfg = Release|Any CPU
		{0D9EEC98-E7D9-464A-BD44-710785C3AC0F}.Release|Mixed Platforms.ActiveCfg = Release|Any CPU
		{0D9EEC98-E7D9-464A-BD44-710785C3AC0F}.Release|Mixed Platforms.Build.0 = Release|Any CPU
		{0D9EEC98-E7D9-464A-BD44-710785C3AC0F}.Release|Win32.ActiveCfg = Release|Any CPU
		{0D9EEC98-E7D9-464A-BD44-710785C3AC0F}.Release|x64.ActiveCfg = Release|Any CPU
	EndGlobalSection
	GlobalSection(SolutionProperties) = preSolution
		HideSolutionNode = FALSE
	EndGlobalSection
	GlobalSection(NestedProjects) = preSolution
		{C3B8C62E-AEB3-45F3-955B-4DDDBC9A9F21} = {D9DFFB6E-1EE9-4C04-B14E-D2BD64D05702}
		{E44FDDD4-7040-43C5-AAEC-8475C6049107} = {D9DFFB6E-1EE9-4C04-B14E-D2BD64D05702}
		{103F1330-AB53-4404-BDDC-B5E4362A84BB} = {D9DFFB6E-1EE9-4C04-B14E-D2BD64D05702}
		{25951E84-5832-47B4-B8F2-CE2682401E3C} = {4CD84164-CF6C-4E4D-99F0-17401B70E5DF}
		{31E8353D-A8BA-4C80-B257-88A04C0CF27B} = {4CD84164-CF6C-4E4D-99F0-17401B70E5DF}
		{D1C3EF59-C317-46AB-8320-8D53B293E8B4} = {50B22A11-458C-4BA4-9CEF-79C1962C9A63}
		{64FA3484-0E34-482C-BC3C-576F9E4153B7} = {50B22A11-458C-4BA4-9CEF-79C1962C9A63}
		{C3BA0837-FAE7-46FC-AA64-F056D051D448} = {50B22A11-458C-4BA4-9CEF-79C1962C9A63}
		{E87FC40A-9942-4D86-98A3-E350B282B99C} = {50B22A11-458C-4BA4-9CEF-79C1962C9A63}
		{70770A2A-BB39-48AD-B39A-B3D27C3661C6} = {05540907-0973-4117-976A-6677611CC03C}
		{E7CA95B7-4642-4CD3-A5AA-5CCE335418EB} = {05540907-0973-4117-976A-6677611CC03C}
		{32C722C6-BAB9-4E58-A31F-66546F441C13} = {95887640-1ECE-4B34-BB9D-E9ED07B7A0FB}
		{D4CC8F57-2A64-4F8D-B9B6-1ACE4E1575EE} = {95887640-1ECE-4B34-BB9D-E9ED07B7A0FB}
		{D12602D5-2E91-4318-809B-7A2054B7930C} = {E69BF6A2-AC01-4322-9A56-DDD2275879D7}
		{6F9A1656-FB99-4C62-A74D-3E8A8A7D3987} = {E69BF6A2-AC01-4322-9A56-DDD2275879D7}
		{E850F0F6-C366-49EE-84E6-462FF1DBA727} = {E69BF6A2-AC01-4322-9A56-DDD2275879D7}
		{0CFBC61B-9D83-46EB-9AE5-3DE5C87B0BE2} = {0A748F99-EA0C-4CDB-AB61-7766736C1EC4}
		{1856A957-5F11-4161-A5C8-295E42FB3EA0} = {0A748F99-EA0C-4CDB-AB61-7766736C1EC4}
		{95F131EC-6BAC-4A20-8898-7E92FB7BAB8B} = {F7841D32-3B2E-459F-BC63-511843508899}
		{B1C77ECE-2FE2-44DC-B19B-D50341CCE75F} = {F7841D32-3B2E-459F-BC63-511843508899}
		{91E06D85-D8B8-4952-B86F-9CDC46308487} = {A5CF558B-94B9-4703-BD76-668D045788B5}
		{170C1ABB-CF93-4C89-B82B-25B5F670DBFA} = {A5CF558B-94B9-4703-BD76-668D045788B5}
		{CECBEEA0-5186-4A07-B5D7-BCB1E9697ED8} = {A5CF558B-94B9-4703-BD76-668D045788B5}
		{0D9EEC98-E7D9-464A-BD44-710785C3AC0F} = {94131183-E878-44B3-8B85-2BDB7983E836}
	EndGlobalSection
EndGlobal
